
Microsoft Visual Studio Solution File, Format Version 12.00
# Visual Studio 15
VisualStudioVersion = 15.0.26730.15
MinimumVisualStudioVersion = 10.0.40219.1
Project("{9A19103F-16F7-4668-BE54-9A1E7A4F7556}") = "GitHubUpForGrabs", "src\GitHubUpForGrabs\GitHubUpForGrabs.csproj", "{588353F0-385B-4131-82AE-71D6748B5499}"
EndProject
Global
	GlobalSection(SolutionConfigurationPlatforms) = preSolution
		Debug|Any CPU = Debug|Any CPU
		Release|Any CPU = Release|Any CPU
	EndGlobalSection
	GlobalSection(ProjectConfigurationPlatforms) = postSolution
		{588353F0-385B-4131-82AE-71D6748B5499}.Debug|Any CPU.ActiveCfg = Debug|Any CPU
		{588353F0-385B-4131-82AE-71D6748B5499}.Debug|Any CPU.Build.0 = Debug|Any CPU
		{588353F0-385B-4131-82AE-71D6748B5499}.Release|Any CPU.ActiveCfg = Release|Any CPU
		{588353F0-385B-4131-82AE-71D6748B5499}.Release|Any CPU.Build.0 = Release|Any CPU
	EndGlobalSection
	GlobalSection(SolutionProperties) = preSolution
		HideSolutionNode = FALSE
	EndGlobalSection
	GlobalSection(ExtensibilityGlobals) = postSolution
		SolutionGuid = {EBBBA353-73ED-4E4C-BD62-5717D5EDCE2E}
	EndGlobalSection
EndGlobal
